
Microsoft Visual Studio Solution File, Format Version 12.00
# Visual Studio Version 17
VisualStudioVersion = 17.3.32825.248
MinimumVisualStudioVersion = 10.0.40219.1
Project("{8BC9CEB8-8B4A-11D0-8D11-00A0C91BC942}") = "lab1inf", "lab1inf\lab1inf.vcxproj", "{D4A56344-2C41-47EA-8A76-A4105ABD5D45}"
EndProject
Global
	GlobalSection(SolutionConfigurationPlatforms) = preSolution
		Debug|x64 = Debug|x64
		Debug|x86 = Debug|x86
		Release|x64 = Release|x64
		Release|x86 = Release|x86
	EndGlobalSection
	GlobalSection(ProjectConfigurationPlatforms) = postSolution
		{D4A56344-2C41-47EA-8A76-A4105ABD5D45}.Debug|x64.ActiveCfg = Debug|x64
		{D4A56344-2C41-47EA-8A76-A4105ABD5D45}.Debug|x64.Build.0 = Debug|x64
		{D4A56344-2C41-47EA-8A76-A4105ABD5D45}.Debug|x86.ActiveCfg = Debug|Win32
		{D4A56344-2C41-47EA-8A76-A4105ABD5D45}.Debug|x86.Build.0 = Debug|Win32
		{D4A56344-2C41-47EA-8A76-A4105ABD5D45}.Release|x64.ActiveCfg = Release|x64
		{D4A56344-2C41-47EA-8A76-A4105ABD5D45}.Release|x64.Build.0 = Release|x64
		{D4A56344-2C41-47EA-8A76-A4105ABD5D45}.Release|x86.ActiveCfg = Release|Win32
		{D4A56344-2C41-47EA-8A76-A4105ABD5D45}.Release|x86.Build.0 = Release|Win32
	EndGlobalSection
	GlobalSection(SolutionProperties) = preSolution
		HideSolutionNode = FALSE
	EndGlobalSection
	GlobalSection(ExtensibilityGlobals) = postSolution
		SolutionGuid = {87C1FF31-5945-4381-AEFC-72C86FDB7524}
	EndGlobalSection
EndGlobal
